
Microsoft Visual Studio Solution File, Format Version 12.00
# Visual Studio Version 16
VisualStudioVersion = 16.0.30907.101
MinimumVisualStudioVersion = 10.0.40219.1
Project("{FAE04EC0-301F-11D3-BF4B-00C04F79EFBC}") = "Web", "Web\Web.csproj", "{D5ACE7FC-A2CB-406F-9A16-4882E2F7DF26}"
EndProject
Project("{FAE04EC0-301F-11D3-BF4B-00C04F79EFBC}") = "Core", "Core\Core.csproj", "{B86C0816-5838-454C-A39F-B87A41478D18}"
EndProject
Project("{FAE04EC0-301F-11D3-BF4B-00C04F79EFBC}") = "Infrastructure", "Infrastructure\Infrastructure.csproj", "{5BB39CFC-00C7-4BBA-B763-6430BCDE16FA}"
EndProject
Global
	GlobalSection(SolutionConfigurationPlatforms) = preSolution
		Debug|Any CPU = Debug|Any CPU
		Release|Any CPU = Release|Any CPU
	EndGlobalSection
	GlobalSection(ProjectConfigurationPlatforms) = postSolution
		{D5ACE7FC-A2CB-406F-9A16-4882E2F7DF26}.Debug|Any CPU.ActiveCfg = Debug|Any CPU
		{D5ACE7FC-A2CB-406F-9A16-4882E2F7DF26}.Debug|Any CPU.Build.0 = Debug|Any CPU
		{D5ACE7FC-A2CB-406F-9A16-4882E2F7DF26}.Release|Any CPU.ActiveCfg = Release|Any CPU
		{D5ACE7FC-A2CB-406F-9A16-4882E2F7DF26}.Release|Any CPU.Build.0 = Release|Any CPU
		{B86C0816-5838-454C-A39F-B87A41478D18}.Debug|Any CPU.ActiveCfg = Debug|Any CPU
		{B86C0816-5838-454C-A39F-B87A41478D18}.Debug|Any CPU.Build.0 = Debug|Any CPU
		{B86C0816-5838-454C-A39F-B87A41478D18}.Release|Any CPU.ActiveCfg = Release|Any CPU
		{B86C0816-5838-454C-A39F-B87A41478D18}.Release|Any CPU.Build.0 = Release|Any CPU
		{5BB39CFC-00C7-4BBA-B763-6430BCDE16FA}.Debug|Any CPU.ActiveCfg = Debug|Any CPU
		{5BB39CFC-00C7-4BBA-B763-6430BCDE16FA}.Debug|Any CPU.Build.0 = Debug|Any CPU
		{5BB39CFC-00C7-4BBA-B763-6430BCDE16FA}.Release|Any CPU.ActiveCfg = Release|Any CPU
		{5BB39CFC-00C7-4BBA-B763-6430BCDE16FA}.Release|Any CPU.Build.0 = Release|Any CPU
	EndGlobalSection
	GlobalSection(SolutionProperties) = preSolution
		HideSolutionNode = FALSE
	EndGlobalSection
	GlobalSection(ExtensibilityGlobals) = postSolution
		SolutionGuid = {8EEA0F41-7681-4B71-92B3-046D223C066A}
	EndGlobalSection
EndGlobal
